// !$*UTF8*$!
{
	archiveVersion = 1;
	classes = {
	};
	objectVersion = 56;
	objects = {

/* Begin PBXBuildFile section */
		2558DE0329C7895100284FB3 /* XCGLogger in Frameworks */ = {isa = PBXBuildFile; productRef = 2558DE0229C7895100284FB3 /* XCGLogger */; };
		2558DE0C29C9F8C300284FB3 /* HealthStoreInterface.swift in Sources */ = {isa = PBXBuildFile; fileRef = 2558DE0B29C9F8C300284FB3 /* HealthStoreInterface.swift */; };
		2558DE0F29CDA03600284FB3 /* DiveSession.swift in Sources */ = {isa = PBXBuildFile; fileRef = 2558DE0E29CDA03600284FB3 /* DiveSession.swift */; };
		2559BAAC29C733B00087C3A6 /* SubmergencyApp.swift in Sources */ = {isa = PBXBuildFile; fileRef = 2559BAAB29C733B00087C3A6 /* SubmergencyApp.swift */; };
		2559BAAE29C733B00087C3A6 /* ContentView.swift in Sources */ = {isa = PBXBuildFile; fileRef = 2559BAAD29C733B00087C3A6 /* ContentView.swift */; };
		2559BAB029C733B10087C3A6 /* Assets.xcassets in Resources */ = {isa = PBXBuildFile; fileRef = 2559BAAF29C733B10087C3A6 /* Assets.xcassets */; };
		2559BAB329C733B10087C3A6 /* Preview Assets.xcassets in Resources */ = {isa = PBXBuildFile; fileRef = 2559BAB229C733B10087C3A6 /* Preview Assets.xcassets */; };
		255DA78529D975FD00D83DAF /* AboutView.swift in Sources */ = {isa = PBXBuildFile; fileRef = 255DA78429D975FD00D83DAF /* AboutView.swift */; };
		255DA78729D9A25C00D83DAF /* DiveSessionView.swift in Sources */ = {isa = PBXBuildFile; fileRef = 255DA78629D9A25C00D83DAF /* DiveSessionView.swift */; };
		257B827A29D459A200F106B3 /* DiveSessionRowView.swift in Sources */ = {isa = PBXBuildFile; fileRef = 257B827929D459A200F106B3 /* DiveSessionRowView.swift */; };
		257ED79929E007F0001358B6 /* TemperatureSample.swift in Sources */ = {isa = PBXBuildFile; fileRef = 257ED79829E007F0001358B6 /* TemperatureSample.swift */; };
		257ED79B29E06C0C001358B6 /* UDDFFile.swift in Sources */ = {isa = PBXBuildFile; fileRef = 257ED79A29E06C0C001358B6 /* UDDFFile.swift */; };
		25A7228929D02DF40010CD69 /* DiveSessionManager.swift in Sources */ = {isa = PBXBuildFile; fileRef = 25A7228829D02DF40010CD69 /* DiveSessionManager.swift */; };
		25A7228B29D036790010CD69 /* DiveSample.swift in Sources */ = {isa = PBXBuildFile; fileRef = 25A7228A29D036790010CD69 /* DiveSample.swift */; };
/* End PBXBuildFile section */

/* Begin PBXFileReference section */
		2558DE0929C9F6E400284FB3 /* Submergency.entitlements */ = {isa = PBXFileReference; lastKnownFileType = text.plist.entitlements; path = Submergency.entitlements; sourceTree = "<group>"; };
		2558DE0B29C9F8C300284FB3 /* HealthStoreInterface.swift */ = {isa = PBXFileReference; lastKnownFileType = sourcecode.swift; path = HealthStoreInterface.swift; sourceTree = "<group>"; };
		2558DE0E29CDA03600284FB3 /* DiveSession.swift */ = {isa = PBXFileReference; lastKnownFileType = sourcecode.swift; path = DiveSession.swift; sourceTree = "<group>"; };
		2559BAA829C733B00087C3A6 /* Submergency.app */ = {isa = PBXFileReference; explicitFileType = wrapper.application; includeInIndex = 0; path = Submergency.app; sourceTree = BUILT_PRODUCTS_DIR; };
		2559BAAB29C733B00087C3A6 /* SubmergencyApp.swift */ = {isa = PBXFileReference; lastKnownFileType = sourcecode.swift; path = SubmergencyApp.swift; sourceTree = "<group>"; };
		2559BAAD29C733B00087C3A6 /* ContentView.swift */ = {isa = PBXFileReference; lastKnownFileType = sourcecode.swift; path = ContentView.swift; sourceTree = "<group>"; };
		2559BAAF29C733B10087C3A6 /* Assets.xcassets */ = {isa = PBXFileReference; lastKnownFileType = folder.assetcatalog; path = Assets.xcassets; sourceTree = "<group>"; };
		2559BAB229C733B10087C3A6 /* Preview Assets.xcassets */ = {isa = PBXFileReference; lastKnownFileType = folder.assetcatalog; path = "Preview Assets.xcassets"; sourceTree = "<group>"; };
		255DA78429D975FD00D83DAF /* AboutView.swift */ = {isa = PBXFileReference; lastKnownFileType = sourcecode.swift; path = AboutView.swift; sourceTree = SOURCE_ROOT; };
		255DA78629D9A25C00D83DAF /* DiveSessionView.swift */ = {isa = PBXFileReference; lastKnownFileType = sourcecode.swift; path = DiveSessionView.swift; sourceTree = "<group>"; };
		257B827929D459A200F106B3 /* DiveSessionRowView.swift */ = {isa = PBXFileReference; lastKnownFileType = sourcecode.swift; path = DiveSessionRowView.swift; sourceTree = "<group>"; };
		257ED79829E007F0001358B6 /* TemperatureSample.swift */ = {isa = PBXFileReference; lastKnownFileType = sourcecode.swift; path = TemperatureSample.swift; sourceTree = "<group>"; };
		257ED79A29E06C0C001358B6 /* UDDFFile.swift */ = {isa = PBXFileReference; lastKnownFileType = sourcecode.swift; path = UDDFFile.swift; sourceTree = "<group>"; };
		25A7228829D02DF40010CD69 /* DiveSessionManager.swift */ = {isa = PBXFileReference; lastKnownFileType = sourcecode.swift; path = DiveSessionManager.swift; sourceTree = "<group>"; };
		25A7228A29D036790010CD69 /* DiveSample.swift */ = {isa = PBXFileReference; lastKnownFileType = sourcecode.swift; path = DiveSample.swift; sourceTree = "<group>"; };
		25ECF8D429EEE3CF0082F882 /* InfoVersion.plist */ = {isa = PBXFileReference; lastKnownFileType = text.plist.xml; path = InfoVersion.plist; sourceTree = "<group>"; };
/* End PBXFileReference section */

/* Begin PBXFrameworksBuildPhase section */
		2559BAA529C733B00087C3A6 /* Frameworks */ = {
			isa = PBXFrameworksBuildPhase;
			buildActionMask = 2147483647;
			files = (
				2558DE0329C7895100284FB3 /* XCGLogger in Frameworks */,
			);
			runOnlyForDeploymentPostprocessing = 0;
		};
/* End PBXFrameworksBuildPhase section */

/* Begin PBXGroup section */
		2558DE0829C9F5FD00284FB3 /* Models */ = {
			isa = PBXGroup;
			children = (
				25A7228A29D036790010CD69 /* DiveSample.swift */,
				257ED79829E007F0001358B6 /* TemperatureSample.swift */,
				2558DE0E29CDA03600284FB3 /* DiveSession.swift */,
				25A7228829D02DF40010CD69 /* DiveSessionManager.swift */,
				257ED79A29E06C0C001358B6 /* UDDFFile.swift */,
			);
			path = Models;
			sourceTree = "<group>";
		};
		2558DE0A29C9F88C00284FB3 /* Interfaces */ = {
			isa = PBXGroup;
			children = (
				2558DE0B29C9F8C300284FB3 /* HealthStoreInterface.swift */,
			);
			path = Interfaces;
			sourceTree = "<group>";
		};
		2558DE0D29C9FC1D00284FB3 /* Views */ = {
			isa = PBXGroup;
			children = (
				255DA78429D975FD00D83DAF /* AboutView.swift */,
				2559BAAD29C733B00087C3A6 /* ContentView.swift */,
				257B827929D459A200F106B3 /* DiveSessionRowView.swift */,
				255DA78629D9A25C00D83DAF /* DiveSessionView.swift */,
			);
			path = Views;
			sourceTree = "<group>";
		};
		2559BA9F29C733B00087C3A6 = {
			isa = PBXGroup;
			children = (
				2559BAAA29C733B00087C3A6 /* Submergency */,
				2559BAA929C733B00087C3A6 /* Products */,
			);
			sourceTree = "<group>";
		};
		2559BAA929C733B00087C3A6 /* Products */ = {
			isa = PBXGroup;
			children = (
				2559BAA829C733B00087C3A6 /* Submergency.app */,
			);
			name = Products;
			sourceTree = "<group>";
		};
		2559BAAA29C733B00087C3A6 /* Submergency */ = {
			isa = PBXGroup;
			children = (
				25ECF8D429EEE3CF0082F882 /* InfoVersion.plist */,
				2558DE0929C9F6E400284FB3 /* Submergency.entitlements */,
				2559BAAB29C733B00087C3A6 /* SubmergencyApp.swift */,
				2558DE0D29C9FC1D00284FB3 /* Views */,
				2558DE0829C9F5FD00284FB3 /* Models */,
				2558DE0A29C9F88C00284FB3 /* Interfaces */,
				2559BAAF29C733B10087C3A6 /* Assets.xcassets */,
				2559BAB129C733B10087C3A6 /* Preview Content */,
			);
			path = Submergency;
			sourceTree = "<group>";
		};
		2559BAB129C733B10087C3A6 /* Preview Content */ = {
			isa = PBXGroup;
			children = (
				2559BAB229C733B10087C3A6 /* Preview Assets.xcassets */,
			);
			path = "Preview Content";
			sourceTree = "<group>";
		};
/* End PBXGroup section */

/* Begin PBXNativeTarget section */
		2559BAA729C733B00087C3A6 /* Submergency */ = {
			isa = PBXNativeTarget;
			buildConfigurationList = 2559BAB629C733B10087C3A6 /* Build configuration list for PBXNativeTarget "Submergency" */;
			buildPhases = (
				2559BABA29C735A70087C3A6 /* Run Script - Write InfoVersion.plist */,
				2559BAA429C733B00087C3A6 /* Sources */,
				2559BAA529C733B00087C3A6 /* Frameworks */,
				2559BAA629C733B00087C3A6 /* Resources */,
				2559BAB929C7346E0087C3A6 /* Run Script - Run swiftlint */,
			);
			buildRules = (
			);
			dependencies = (
			);
			name = Submergency;
			packageProductDependencies = (
				2558DE0229C7895100284FB3 /* XCGLogger */,
			);
			productName = Submergency;
			productReference = 2559BAA829C733B00087C3A6 /* Submergency.app */;
			productType = "com.apple.product-type.application";
		};
/* End PBXNativeTarget section */

/* Begin PBXProject section */
		2559BAA029C733B00087C3A6 /* Project object */ = {
			isa = PBXProject;
			attributes = {
				BuildIndependentTargetsInParallel = 1;
				LastSwiftUpdateCheck = 1420;
				LastUpgradeCheck = 1420;
				TargetAttributes = {
					2559BAA729C733B00087C3A6 = {
						CreatedOnToolsVersion = 14.2;
					};
				};
			};
			buildConfigurationList = 2559BAA329C733B00087C3A6 /* Build configuration list for PBXProject "Submergency" */;
			compatibilityVersion = "Xcode 14.0";
			developmentRegion = en;
			hasScannedForEncodings = 0;
			knownRegions = (
				en,
				Base,
			);
			mainGroup = 2559BA9F29C733B00087C3A6;
			packageReferences = (
				2558DE0129C7895100284FB3 /* XCRemoteSwiftPackageReference "XCGLogger" */,
			);
			productRefGroup = 2559BAA929C733B00087C3A6 /* Products */;
			projectDirPath = "";
			projectRoot = "";
			targets = (
				2559BAA729C733B00087C3A6 /* Submergency */,
			);
		};
/* End PBXProject section */

/* Begin PBXResourcesBuildPhase section */
		2559BAA629C733B00087C3A6 /* Resources */ = {
			isa = PBXResourcesBuildPhase;
			buildActionMask = 2147483647;
			files = (
				2559BAB329C733B10087C3A6 /* Preview Assets.xcassets in Resources */,
				2559BAB029C733B10087C3A6 /* Assets.xcassets in Resources */,
			);
			runOnlyForDeploymentPostprocessing = 0;
		};
/* End PBXResourcesBuildPhase section */

/* Begin PBXShellScriptBuildPhase section */
		2559BAB929C7346E0087C3A6 /* Run Script - Run swiftlint */ = {
			isa = PBXShellScriptBuildPhase;
			alwaysOutOfDate = 1;
			buildActionMask = 2147483647;
			files = (
			);
			inputFileListPaths = (
			);
			inputPaths = (
			);
			name = "Run Script - Run swiftlint";
			outputFileListPaths = (
			);
			outputPaths = (
			);
			runOnlyForDeploymentPostprocessing = 0;
			shellPath = /bin/sh;
			shellScript = "# Type a script or drag a script file from your workspace to insert its path.\n\nif which swiftlint >/dev/null; then\n  swiftlint\nelse\n  echo \"warning: SwiftLint not installed, download from https: //github.com/realm/SwiftLint\"\nfi\n";
		};
		2559BABA29C735A70087C3A6 /* Run Script - Write InfoVersion.plist */ = {
			isa = PBXShellScriptBuildPhase;
			alwaysOutOfDate = 1;
			buildActionMask = 2147483647;
			files = (
			);
			inputFileListPaths = (
			);
			inputPaths = (
			);
			name = "Run Script - Write InfoVersion.plist";
			outputFileListPaths = (
			);
			outputPaths = (
			);
			runOnlyForDeploymentPostprocessing = 0;
			shellPath = /bin/sh;
			shellScript = "# Type a script or drag a script file from your workspace to insert its path.\n\n# for debugging/inspection purposses:\n# for line in $(printenv); do echo $line; done\n\nset -x\n\n# for a RELEASE our current HEAD has a tag. we use this tag as version,\n# assuming that the tag format is release/x.y.z[bla]. during development\n# this number is quite a mess. after building the version is correct\nrelease=$(basename $(git describe --tags --always))\n\n# to be conform with some apple requirements (see above bundle version) we use release + hash\n# build=$release-$(git log --oneline HEAD^1.. | awk '{print $1 }')\n# or\n# build=$(git describe --tags --always --dirty)\n# build=`git log -n1 --date=short --format=\"%ad (%h)\"`\nbuild=$(git describe --dirty)\n\n# the plist file to be modified\nplist_path=$INFOPLIST_FILE\n\n# the build configuration (Debug|Release)\n#echo $CONFIGURATION\n\n# PlistBuddy executable\nPLISTBUDDY=/usr/libexec/PlistBuddy\n\n## function to set entry in plist file\n# synopsis: setPListEntry <plist file> <plist entry name (string)> <plist entry type (string)> <plist entry> <value>\nfunction setPListEntry()\n{\n  # write the git status into plist file\n  local PListFile=$1\n  local PListEntryName=$2\n  local PListEntryType=$3\n  local PListEntryValue=$4\n  \n  # check entry; Plistbuddy returns 0 on success\n  $PLISTBUDDY -c \"Print :$PListEntryName\" \"$PListFile\" >> /dev/null 2>> /dev/null\n  # add entry if not present\n  hasnot_PListEntry=$?\n  if [ $hasnot_PListEntry -ne 0 ]; then\n    $PLISTBUDDY -c \"Add :$PListEntryName $PListEntryType\" \"$PListFile\"\n  fi\n  # set entry\n  $PLISTBUDDY -c \"Set :$PListEntryName $PListEntryValue\" \"$PListFile\"\n}\n\n#\n# set the \"short version\" to $build\n#\nsetPListEntry $plist_path \"CFBundleShortVersionString\" \"string\" $release\n\n#\n# if this is a RELEASE build then set CFBundleVersion to $release, else to build\n#\ncase $CONFIGURATION in\n  Release)  setPListEntry $plist_path \"CFBundleVersion\" \"string\" $release;;\n  *)        setPListEntry $plist_path \"CFBundleVersion\" \"string\" $build;;\nesac\n\n#\n# write the git status into plist file\n#\nsetPListEntry $plist_path \"BundleGitStatus\" \"string\" $build\n\n# end-of-file\n";
		};
/* End PBXShellScriptBuildPhase section */

/* Begin PBXSourcesBuildPhase section */
		2559BAA429C733B00087C3A6 /* Sources */ = {
			isa = PBXSourcesBuildPhase;
			buildActionMask = 2147483647;
			files = (
				255DA78529D975FD00D83DAF /* AboutView.swift in Sources */,
				2558DE0F29CDA03600284FB3 /* DiveSession.swift in Sources */,
				257B827A29D459A200F106B3 /* DiveSessionRowView.swift in Sources */,
				25A7228B29D036790010CD69 /* DiveSample.swift in Sources */,
				257ED79B29E06C0C001358B6 /* UDDFFile.swift in Sources */,
				2558DE0C29C9F8C300284FB3 /* HealthStoreInterface.swift in Sources */,
				255DA78729D9A25C00D83DAF /* DiveSessionView.swift in Sources */,
				2559BAAE29C733B00087C3A6 /* ContentView.swift in Sources */,
				2559BAAC29C733B00087C3A6 /* SubmergencyApp.swift in Sources */,
				257ED79929E007F0001358B6 /* TemperatureSample.swift in Sources */,
				25A7228929D02DF40010CD69 /* DiveSessionManager.swift in Sources */,
			);
			runOnlyForDeploymentPostprocessing = 0;
		};
/* End PBXSourcesBuildPhase section */

/* Begin XCBuildConfiguration section */
		2559BAB429C733B10087C3A6 /* Debug */ = {
			isa = XCBuildConfiguration;
			buildSettings = {
				ALWAYS_SEARCH_USER_PATHS = NO;
				CLANG_ANALYZER_NONNULL = YES;
				CLANG_ANALYZER_NUMBER_OBJECT_CONVERSION = YES_AGGRESSIVE;
				CLANG_CXX_LANGUAGE_STANDARD = "gnu++20";
				CLANG_ENABLE_MODULES = YES;
				CLANG_ENABLE_OBJC_ARC = YES;
				CLANG_ENABLE_OBJC_WEAK = YES;
				CLANG_WARN_BLOCK_CAPTURE_AUTORELEASING = YES;
				CLANG_WARN_BOOL_CONVERSION = YES;
				CLANG_WARN_COMMA = YES;
				CLANG_WARN_CONSTANT_CONVERSION = YES;
				CLANG_WARN_DEPRECATED_OBJC_IMPLEMENTATIONS = YES;
				CLANG_WARN_DIRECT_OBJC_ISA_USAGE = YES_ERROR;
				CLANG_WARN_DOCUMENTATION_COMMENTS = YES;
				CLANG_WARN_EMPTY_BODY = YES;
				CLANG_WARN_ENUM_CONVERSION = YES;
				CLANG_WARN_INFINITE_RECURSION = YES;
				CLANG_WARN_INT_CONVERSION = YES;
				CLANG_WARN_NON_LITERAL_NULL_CONVERSION = YES;
				CLANG_WARN_OBJC_IMPLICIT_RETAIN_SELF = YES;
				CLANG_WARN_OBJC_LITERAL_CONVERSION = YES;
				CLANG_WARN_OBJC_ROOT_CLASS = YES_ERROR;
				CLANG_WARN_QUOTED_INCLUDE_IN_FRAMEWORK_HEADER = YES;
				CLANG_WARN_RANGE_LOOP_ANALYSIS = YES;
				CLANG_WARN_STRICT_PROTOTYPES = YES;
				CLANG_WARN_SUSPICIOUS_MOVE = YES;
				CLANG_WARN_UNGUARDED_AVAILABILITY = YES_AGGRESSIVE;
				CLANG_WARN_UNREACHABLE_CODE = YES;
				CLANG_WARN__DUPLICATE_METHOD_MATCH = YES;
				COPY_PHASE_STRIP = NO;
				DEBUG_INFORMATION_FORMAT = dwarf;
				ENABLE_STRICT_OBJC_MSGSEND = YES;
				ENABLE_TESTABILITY = YES;
				GCC_C_LANGUAGE_STANDARD = gnu11;
				GCC_DYNAMIC_NO_PIC = NO;
				GCC_NO_COMMON_BLOCKS = YES;
				GCC_OPTIMIZATION_LEVEL = 0;
				GCC_PREPROCESSOR_DEFINITIONS = (
					"DEBUG=1",
					"$(inherited)",
				);
				GCC_WARN_64_TO_32_BIT_CONVERSION = YES;
				GCC_WARN_ABOUT_RETURN_TYPE = YES_ERROR;
				GCC_WARN_UNDECLARED_SELECTOR = YES;
				GCC_WARN_UNINITIALIZED_AUTOS = YES_AGGRESSIVE;
				GCC_WARN_UNUSED_FUNCTION = YES;
				GCC_WARN_UNUSED_VARIABLE = YES;
				IPHONEOS_DEPLOYMENT_TARGET = 16.2;
				MTL_ENABLE_DEBUG_INFO = INCLUDE_SOURCE;
				MTL_FAST_MATH = YES;
				ONLY_ACTIVE_ARCH = YES;
				SDKROOT = iphoneos;
				SWIFT_ACTIVE_COMPILATION_CONDITIONS = DEBUG;
				SWIFT_OPTIMIZATION_LEVEL = "-Onone";
			};
			name = Debug;
		};
		2559BAB529C733B10087C3A6 /* Release */ = {
			isa = XCBuildConfiguration;
			buildSettings = {
				ALWAYS_SEARCH_USER_PATHS = NO;
				CLANG_ANALYZER_NONNULL = YES;
				CLANG_ANALYZER_NUMBER_OBJECT_CONVERSION = YES_AGGRESSIVE;
				CLANG_CXX_LANGUAGE_STANDARD = "gnu++20";
				CLANG_ENABLE_MODULES = YES;
				CLANG_ENABLE_OBJC_ARC = YES;
				CLANG_ENABLE_OBJC_WEAK = YES;
				CLANG_WARN_BLOCK_CAPTURE_AUTORELEASING = YES;
				CLANG_WARN_BOOL_CONVERSION = YES;
				CLANG_WARN_COMMA = YES;
				CLANG_WARN_CONSTANT_CONVERSION = YES;
				CLANG_WARN_DEPRECATED_OBJC_IMPLEMENTATIONS = YES;
				CLANG_WARN_DIRECT_OBJC_ISA_USAGE = YES_ERROR;
				CLANG_WARN_DOCUMENTATION_COMMENTS = YES;
				CLANG_WARN_EMPTY_BODY = YES;
				CLANG_WARN_ENUM_CONVERSION = YES;
				CLANG_WARN_INFINITE_RECURSION = YES;
				CLANG_WARN_INT_CONVERSION = YES;
				CLANG_WARN_NON_LITERAL_NULL_CONVERSION = YES;
				CLANG_WARN_OBJC_IMPLICIT_RETAIN_SELF = YES;
				CLANG_WARN_OBJC_LITERAL_CONVERSION = YES;
				CLANG_WARN_OBJC_ROOT_CLASS = YES_ERROR;
				CLANG_WARN_QUOTED_INCLUDE_IN_FRAMEWORK_HEADER = YES;
				CLANG_WARN_RANGE_LOOP_ANALYSIS = YES;
				CLANG_WARN_STRICT_PROTOTYPES = YES;
				CLANG_WARN_SUSPICIOUS_MOVE = YES;
				CLANG_WARN_UNGUARDED_AVAILABILITY = YES_AGGRESSIVE;
				CLANG_WARN_UNREACHABLE_CODE = YES;
				CLANG_WARN__DUPLICATE_METHOD_MATCH = YES;
				COPY_PHASE_STRIP = NO;
				DEBUG_INFORMATION_FORMAT = "dwarf-with-dsym";
				ENABLE_NS_ASSERTIONS = NO;
				ENABLE_STRICT_OBJC_MSGSEND = YES;
				GCC_C_LANGUAGE_STANDARD = gnu11;
				GCC_NO_COMMON_BLOCKS = YES;
				GCC_WARN_64_TO_32_BIT_CONVERSION = YES;
				GCC_WARN_ABOUT_RETURN_TYPE = YES_ERROR;
				GCC_WARN_UNDECLARED_SELECTOR = YES;
				GCC_WARN_UNINITIALIZED_AUTOS = YES_AGGRESSIVE;
				GCC_WARN_UNUSED_FUNCTION = YES;
				GCC_WARN_UNUSED_VARIABLE = YES;
				IPHONEOS_DEPLOYMENT_TARGET = 16.2;
				MTL_ENABLE_DEBUG_INFO = NO;
				MTL_FAST_MATH = YES;
				SDKROOT = iphoneos;
				SWIFT_COMPILATION_MODE = wholemodule;
				SWIFT_OPTIMIZATION_LEVEL = "-O";
				VALIDATE_PRODUCT = YES;
			};
			name = Release;
		};
		2559BAB729C733B10087C3A6 /* Debug */ = {
			isa = XCBuildConfiguration;
			buildSettings = {
				ASSETCATALOG_COMPILER_APPICON_NAME = AppIcon;
				ASSETCATALOG_COMPILER_GLOBAL_ACCENT_COLOR_NAME = AccentColor;
				CODE_SIGN_ENTITLEMENTS = Submergency/Submergency.entitlements;
				CODE_SIGN_STYLE = Automatic;
				CURRENT_PROJECT_VERSION = 1;
				DEVELOPMENT_ASSET_PATHS = "\"Submergency/Preview Content\"";
				DEVELOPMENT_TEAM = Y9CRDMAX8T;
				ENABLE_PREVIEWS = YES;
				GENERATE_INFOPLIST_FILE = YES;
				INFOPLIST_FILE = Submergency/InfoVersion.plist;
				INFOPLIST_KEY_NSHealthShareUsageDescription = "HealthKit depth data is read to build a dive profile to export";
				INFOPLIST_KEY_NSHealthUpdateUsageDescription = "We do not write depth data to HealthKit";
				INFOPLIST_KEY_UIApplicationSceneManifest_Generation = YES;
				INFOPLIST_KEY_UIApplicationSupportsIndirectInputEvents = YES;
				INFOPLIST_KEY_UILaunchScreen_Generation = YES;
				INFOPLIST_KEY_UISupportedInterfaceOrientations = "UIInterfaceOrientationPortrait UIInterfaceOrientationPortraitUpsideDown";
				IPHONEOS_DEPLOYMENT_TARGET = 16.0;
				LD_RUNPATH_SEARCH_PATHS = (
					"$(inherited)",
					"@executable_path/Frameworks",
				);
				MARKETING_VERSION = 0.1.0;
				PRODUCT_BUNDLE_IDENTIFIER = com.borisboesler.Submergency;
				PRODUCT_NAME = "$(TARGET_NAME)";
				SWIFT_EMIT_LOC_STRINGS = YES;
				SWIFT_VERSION = 5.0;
				TARGETED_DEVICE_FAMILY = "1,2";
			};
			name = Debug;
		};
		2559BAB829C733B10087C3A6 /* Release */ = {
			isa = XCBuildConfiguration;
			buildSettings = {
				ASSETCATALOG_COMPILER_APPICON_NAME = AppIcon;
				ASSETCATALOG_COMPILER_GLOBAL_ACCENT_COLOR_NAME = AccentColor;
				CODE_SIGN_ENTITLEMENTS = Submergency/Submergency.entitlements;
				CODE_SIGN_STYLE = Automatic;
				CURRENT_PROJECT_VERSION = 1;
				DEVELOPMENT_ASSET_PATHS = "\"Submergency/Preview Content\"";
				DEVELOPMENT_TEAM = Y9CRDMAX8T;
				ENABLE_PREVIEWS = YES;
				GENERATE_INFOPLIST_FILE = YES;
				INFOPLIST_FILE = Submergency/InfoVersion.plist;
				INFOPLIST_KEY_NSHealthShareUsageDescription = "HealthKit depth data is read to build a dive profile to export";
				INFOPLIST_KEY_NSHealthUpdateUsageDescription = "We do not write depth data to HealthKit";
				INFOPLIST_KEY_UIApplicationSceneManifest_Generation = YES;
				INFOPLIST_KEY_UIApplicationSupportsIndirectInputEvents = YES;
				INFOPLIST_KEY_UILaunchScreen_Generation = YES;
				INFOPLIST_KEY_UISupportedInterfaceOrientations = "UIInterfaceOrientationPortrait UIInterfaceOrientationPortraitUpsideDown";
				IPHONEOS_DEPLOYMENT_TARGET = 16.0;
				LD_RUNPATH_SEARCH_PATHS = (
					"$(inherited)",
					"@executable_path/Frameworks",
				);
				MARKETING_VERSION = 0.1.0;
				PRODUCT_BUNDLE_IDENTIFIER = com.borisboesler.Submergency;
				PRODUCT_NAME = "$(TARGET_NAME)";
				SWIFT_EMIT_LOC_STRINGS = YES;
				SWIFT_VERSION = 5.0;
				TARGETED_DEVICE_FAMILY = "1,2";
			};
			name = Release;
		};
/* End XCBuildConfiguration section */

/* Begin XCConfigurationList section */
		2559BAA329C733B00087C3A6 /* Build configuration list for PBXProject "Submergency" */ = {
			isa = XCConfigurationList;
			buildConfigurations = (
				2559BAB429C733B10087C3A6 /* Debug */,
				2559BAB529C733B10087C3A6 /* Release */,
			);
			defaultConfigurationIsVisible = 0;
			defaultConfigurationName = Release;
		};
		2559BAB629C733B10087C3A6 /* Build configuration list for PBXNativeTarget "Submergency" */ = {
			isa = XCConfigurationList;
			buildConfigurations = (
				2559BAB729C733B10087C3A6 /* Debug */,
				2559BAB829C733B10087C3A6 /* Release */,
			);
			defaultConfigurationIsVisible = 0;
			defaultConfigurationName = Release;
		};
/* End XCConfigurationList section */

/* Begin XCRemoteSwiftPackageReference section */
		2558DE0129C7895100284FB3 /* XCRemoteSwiftPackageReference "XCGLogger" */ = {
			isa = XCRemoteSwiftPackageReference;
			repositoryURL = "https://github.com/DaveWoodCom/XCGLogger";
			requirement = {
				kind = exactVersion;
				version = 7.0.1;
			};
		};
/* End XCRemoteSwiftPackageReference section */

/* Begin XCSwiftPackageProductDependency section */
		2558DE0229C7895100284FB3 /* XCGLogger */ = {
			isa = XCSwiftPackageProductDependency;
			package = 2558DE0129C7895100284FB3 /* XCRemoteSwiftPackageReference "XCGLogger" */;
			productName = XCGLogger;
		};
/* End XCSwiftPackageProductDependency section */
	};
	rootObject = 2559BAA029C733B00087C3A6 /* Project object */;
}
